
Microsoft Visual Studio Solution File, Format Version 12.00
# Visual Studio Version 17
VisualStudioVersion = 17.3.32804.467
MinimumVisualStudioVersion = 10.0.40219.1
Project("{9A19103F-16F7-4668-BE54-9A1E7A4F7556}") = "api-ponto", "api-ponto.csproj", "{EBFA2CDA-14BD-498B-80C7-6139A744E9CB}"
EndProject
Project("{FAE04EC0-301F-11D3-BF4B-00C04F79EFBC}") = "DTO", "..\DTO\DTO.csproj", "{2F068C6A-66CA-4823-8A48-288040698F8A}"
EndProject
Global
	GlobalSection(SolutionConfigurationPlatforms) = preSolution
		Debug|Any CPU = Debug|Any CPU
		Release|Any CPU = Release|Any CPU
	EndGlobalSection
	GlobalSection(ProjectConfigurationPlatforms) = postSolution
		{EBFA2CDA-14BD-498B-80C7-6139A744E9CB}.Debug|Any CPU.ActiveCfg = Debug|Any CPU
		{EBFA2CDA-14BD-498B-80C7-6139A744E9CB}.Debug|Any CPU.Build.0 = Debug|Any CPU
		{EBFA2CDA-14BD-498B-80C7-6139A744E9CB}.Release|Any CPU.ActiveCfg = Release|Any CPU
		{EBFA2CDA-14BD-498B-80C7-6139A744E9CB}.Release|Any CPU.Build.0 = Release|Any CPU
		{2F068C6A-66CA-4823-8A48-288040698F8A}.Debug|Any CPU.ActiveCfg = Debug|Any CPU
		{2F068C6A-66CA-4823-8A48-288040698F8A}.Debug|Any CPU.Build.0 = Debug|Any CPU
		{2F068C6A-66CA-4823-8A48-288040698F8A}.Release|Any CPU.ActiveCfg = Release|Any CPU
		{2F068C6A-66CA-4823-8A48-288040698F8A}.Release|Any CPU.Build.0 = Release|Any CPU
	EndGlobalSection
	GlobalSection(SolutionProperties) = preSolution
		HideSolutionNode = FALSE
	EndGlobalSection
	GlobalSection(ExtensibilityGlobals) = postSolution
		SolutionGuid = {CA269AE5-85DD-481A-A30B-55283B3F966C}
	EndGlobalSection
EndGlobal
